// !$*UTF8*$!
{
	archiveVersion = 1;
	classes = {
	};
	objectVersion = 56;
	objects = {

/* Begin PBXBuildFile section */
		98577DC82B5E2128001C4530 /* AppDelegate.swift in Sources */ = {isa = PBXBuildFile; fileRef = 98577DC72B5E2128001C4530 /* AppDelegate.swift */; };
		98577DCA2B5E2128001C4530 /* SceneDelegate.swift in Sources */ = {isa = PBXBuildFile; fileRef = 98577DC92B5E2128001C4530 /* SceneDelegate.swift */; };
		98577DCC2B5E2128001C4530 /* ViewController.swift in Sources */ = {isa = PBXBuildFile; fileRef = 98577DCB2B5E2128001C4530 /* ViewController.swift */; };
		98577DCF2B5E2129001C4530 /* Main.storyboard in Resources */ = {isa = PBXBuildFile; fileRef = 98577DCD2B5E2129001C4530 /* Main.storyboard */; };
		98577DD12B5E2129001C4530 /* Assets.xcassets in Resources */ = {isa = PBXBuildFile; fileRef = 98577DD02B5E2129001C4530 /* Assets.xcassets */; };
		98577DD42B5E2129001C4530 /* LaunchScreen.storyboard in Resources */ = {isa = PBXBuildFile; fileRef = 98577DD22B5E2129001C4530 /* LaunchScreen.storyboard */; };
		985E6BFC2B7225E500111744 /* CFSDK.xcframework in Frameworks */ = {isa = PBXBuildFile; fileRef = 985E6BFA2B7225DD00111744 /* CFSDK.xcframework */; };
		985E6BFD2B7225E500111744 /* CFSDK.xcframework in Embed Frameworks */ = {isa = PBXBuildFile; fileRef = 985E6BFA2B7225DD00111744 /* CFSDK.xcframework */; settings = {ATTRIBUTES = (CodeSignOnCopy, RemoveHeadersOnCopy, ); }; };
		98D39B5A2B6BC8BE009500D4 /* Alamofire in Frameworks */ = {isa = PBXBuildFile; productRef = 98D39B592B6BC8BE009500D4 /* Alamofire */; };
		98D39B5D2B6BC907009500D4 /* ReactiveSwift in Frameworks */ = {isa = PBXBuildFile; productRef = 98D39B5C2B6BC907009500D4 /* ReactiveSwift */; };
		98D39B602B6BC911009500D4 /* SwiftyJSON in Frameworks */ = {isa = PBXBuildFile; productRef = 98D39B5F2B6BC911009500D4 /* SwiftyJSON */; };
/* End PBXBuildFile section */

/* Begin PBXCopyFilesBuildPhase section */
		98577DDF2B5E220C001C4530 /* Embed Frameworks */ = {
			isa = PBXCopyFilesBuildPhase;
			buildActionMask = 2147483647;
			dstPath = "";
			dstSubfolderSpec = 10;
			files = (
				985E6BFD2B7225E500111744 /* CFSDK.xcframework in Embed Frameworks */,
			);
			name = "Embed Frameworks";
			runOnlyForDeploymentPostprocessing = 0;
		};
/* End PBXCopyFilesBuildPhase section */

/* Begin PBXFileReference section */
		98577DC42B5E2128001C4530 /* CFSDK_Demo.app */ = {isa = PBXFileReference; explicitFileType = wrapper.application; includeInIndex = 0; path = CFSDK_Demo.app; sourceTree = BUILT_PRODUCTS_DIR; };
		98577DC72B5E2128001C4530 /* AppDelegate.swift */ = {isa = PBXFileReference; lastKnownFileType = sourcecode.swift; path = AppDelegate.swift; sourceTree = "<group>"; };
		98577DC92B5E2128001C4530 /* SceneDelegate.swift */ = {isa = PBXFileReference; lastKnownFileType = sourcecode.swift; path = SceneDelegate.swift; sourceTree = "<group>"; };
		98577DCB2B5E2128001C4530 /* ViewController.swift */ = {isa = PBXFileReference; lastKnownFileType = sourcecode.swift; path = ViewController.swift; sourceTree = "<group>"; };
		98577DCE2B5E2129001C4530 /* Base */ = {isa = PBXFileReference; lastKnownFileType = file.storyboard; name = Base; path = Base.lproj/Main.storyboard; sourceTree = "<group>"; };
		98577DD02B5E2129001C4530 /* Assets.xcassets */ = {isa = PBXFileReference; lastKnownFileType = folder.assetcatalog; path = Assets.xcassets; sourceTree = "<group>"; };
		98577DD32B5E2129001C4530 /* Base */ = {isa = PBXFileReference; lastKnownFileType = file.storyboard; name = Base; path = Base.lproj/LaunchScreen.storyboard; sourceTree = "<group>"; };
		98577DD52B5E2129001C4530 /* Info.plist */ = {isa = PBXFileReference; lastKnownFileType = text.plist.xml; path = Info.plist; sourceTree = "<group>"; };
		985E6BFA2B7225DD00111744 /* CFSDK.xcframework */ = {isa = PBXFileReference; lastKnownFileType = wrapper.xcframework; name = CFSDK.xcframework; path = ../../Sources/CFSDK.xcframework; sourceTree = "<group>"; };
/* End PBXFileReference section */

/* Begin PBXFrameworksBuildPhase section */
		98577DC12B5E2128001C4530 /* Frameworks */ = {
			isa = PBXFrameworksBuildPhase;
			buildActionMask = 2147483647;
			files = (
				98D39B5D2B6BC907009500D4 /* ReactiveSwift in Frameworks */,
				98D39B602B6BC911009500D4 /* SwiftyJSON in Frameworks */,
				98D39B5A2B6BC8BE009500D4 /* Alamofire in Frameworks */,
				985E6BFC2B7225E500111744 /* CFSDK.xcframework in Frameworks */,
			);
			runOnlyForDeploymentPostprocessing = 0;
		};
/* End PBXFrameworksBuildPhase section */

/* Begin PBXGroup section */
		98577DBB2B5E2128001C4530 = {
			isa = PBXGroup;
			children = (
				98577DC62B5E2128001C4530 /* CFSDK_Demo */,
				98577DC52B5E2128001C4530 /* Products */,
			);
			sourceTree = "<group>";
		};
		98577DC52B5E2128001C4530 /* Products */ = {
			isa = PBXGroup;
			children = (
				98577DC42B5E2128001C4530 /* CFSDK_Demo.app */,
			);
			name = Products;
			sourceTree = "<group>";
		};
		98577DC62B5E2128001C4530 /* CFSDK_Demo */ = {
			isa = PBXGroup;
			children = (
				98577DC72B5E2128001C4530 /* AppDelegate.swift */,
				985E6BFA2B7225DD00111744 /* CFSDK.xcframework */,
				98577DC92B5E2128001C4530 /* SceneDelegate.swift */,
				98577DCB2B5E2128001C4530 /* ViewController.swift */,
				98577DCD2B5E2129001C4530 /* Main.storyboard */,
				98577DD02B5E2129001C4530 /* Assets.xcassets */,
				98577DD22B5E2129001C4530 /* LaunchScreen.storyboard */,
				98577DD52B5E2129001C4530 /* Info.plist */,
			);
			path = CFSDK_Demo;
			sourceTree = "<group>";
		};
/* End PBXGroup section */

/* Begin PBXNativeTarget section */
		98577DC32B5E2128001C4530 /* CFSDK_Demo */ = {
			isa = PBXNativeTarget;
			buildConfigurationList = 98577DD82B5E2129001C4530 /* Build configuration list for PBXNativeTarget "CFSDK_Demo" */;
			buildPhases = (
				98577DC02B5E2128001C4530 /* Sources */,
				98577DC12B5E2128001C4530 /* Frameworks */,
				98577DC22B5E2128001C4530 /* Resources */,
				98577DDF2B5E220C001C4530 /* Embed Frameworks */,
			);
			buildRules = (
			);
			dependencies = (
			);
			name = CFSDK_Demo;
			packageProductDependencies = (
				98D39B592B6BC8BE009500D4 /* Alamofire */,
				98D39B5C2B6BC907009500D4 /* ReactiveSwift */,
				98D39B5F2B6BC911009500D4 /* SwiftyJSON */,
			);
			productName = CFSDK_Demo;
			productReference = 98577DC42B5E2128001C4530 /* CFSDK_Demo.app */;
			productType = "com.apple.product-type.application";
		};
/* End PBXNativeTarget section */

/* Begin PBXProject section */
		98577DBC2B5E2128001C4530 /* Project object */ = {
			isa = PBXProject;
			attributes = {
				BuildIndependentTargetsInParallel = 1;
				LastSwiftUpdateCheck = 1500;
				LastUpgradeCheck = 1500;
				TargetAttributes = {
					98577DC32B5E2128001C4530 = {
						CreatedOnToolsVersion = 15.0;
					};
				};
			};
			buildConfigurationList = 98577DBF2B5E2128001C4530 /* Build configuration list for PBXProject "CFSDK_Demo" */;
			compatibilityVersion = "Xcode 14.0";
			developmentRegion = en;
			hasScannedForEncodings = 0;
			knownRegions = (
				en,
				Base,
			);
			mainGroup = 98577DBB2B5E2128001C4530;
			packageReferences = (
				98D39B582B6BC8BE009500D4 /* XCRemoteSwiftPackageReference "Alamofire" */,
				98D39B5B2B6BC907009500D4 /* XCRemoteSwiftPackageReference "ReactiveSwift" */,
				98D39B5E2B6BC911009500D4 /* XCRemoteSwiftPackageReference "SwiftyJSON" */,
			);
			productRefGroup = 98577DC52B5E2128001C4530 /* Products */;
			projectDirPath = "";
			projectRoot = "";
			targets = (
				98577DC32B5E2128001C4530 /* CFSDK_Demo */,
			);
		};
/* End PBXProject section */

/* Begin PBXResourcesBuildPhase section */
		98577DC22B5E2128001C4530 /* Resources */ = {
			isa = PBXResourcesBuildPhase;
			buildActionMask = 2147483647;
			files = (
				98577DD42B5E2129001C4530 /* LaunchScreen.storyboard in Resources */,
				98577DD12B5E2129001C4530 /* Assets.xcassets in Resources */,
				98577DCF2B5E2129001C4530 /* Main.storyboard in Resources */,
			);
			runOnlyForDeploymentPostprocessing = 0;
		};
/* End PBXResourcesBuildPhase section */

/* Begin PBXSourcesBuildPhase section */
		98577DC02B5E2128001C4530 /* Sources */ = {
			isa = PBXSourcesBuildPhase;
			buildActionMask = 2147483647;
			files = (
				98577DCC2B5E2128001C4530 /* ViewController.swift in Sources */,
				98577DC82B5E2128001C4530 /* AppDelegate.swift in Sources */,
				98577DCA2B5E2128001C4530 /* SceneDelegate.swift in Sources */,
			);
			runOnlyForDeploymentPostprocessing = 0;
		};
/* End PBXSourcesBuildPhase section */

/* Begin PBXVariantGroup section */
		98577DCD2B5E2129001C4530 /* Main.storyboard */ = {
			isa = PBXVariantGroup;
			children = (
				98577DCE2B5E2129001C4530 /* Base */,
			);
			name = Main.storyboard;
			sourceTree = "<group>";
		};
		98577DD22B5E2129001C4530 /* LaunchScreen.storyboard */ = {
			isa = PBXVariantGroup;
			children = (
				98577DD32B5E2129001C4530 /* Base */,
			);
			name = LaunchScreen.storyboard;
			sourceTree = "<group>";
		};
/* End PBXVariantGroup section */

/* Begin XCBuildConfiguration section */
		98577DD62B5E2129001C4530 /* Debug */ = {
			isa = XCBuildConfiguration;
			buildSettings = {
				ALWAYS_SEARCH_USER_PATHS = NO;
				ASSETCATALOG_COMPILER_GENERATE_SWIFT_ASSET_SYMBOL_EXTENSIONS = YES;
				CLANG_ANALYZER_NONNULL = YES;
				CLANG_ANALYZER_NUMBER_OBJECT_CONVERSION = YES_AGGRESSIVE;
				CLANG_CXX_LANGUAGE_STANDARD = "gnu++20";
				CLANG_ENABLE_MODULES = YES;
				CLANG_ENABLE_OBJC_ARC = YES;
				CLANG_ENABLE_OBJC_WEAK = YES;
				CLANG_WARN_BLOCK_CAPTURE_AUTORELEASING = YES;
				CLANG_WARN_BOOL_CONVERSION = YES;
				CLANG_WARN_COMMA = YES;
				CLANG_WARN_CONSTANT_CONVERSION = YES;
				CLANG_WARN_DEPRECATED_OBJC_IMPLEMENTATIONS = YES;
				CLANG_WARN_DIRECT_OBJC_ISA_USAGE = YES_ERROR;
				CLANG_WARN_DOCUMENTATION_COMMENTS = YES;
				CLANG_WARN_EMPTY_BODY = YES;
				CLANG_WARN_ENUM_CONVERSION = YES;
				CLANG_WARN_INFINITE_RECURSION = YES;
				CLANG_WARN_INT_CONVERSION = YES;
				CLANG_WARN_NON_LITERAL_NULL_CONVERSION = YES;
				CLANG_WARN_OBJC_IMPLICIT_RETAIN_SELF = YES;
				CLANG_WARN_OBJC_LITERAL_CONVERSION = YES;
				CLANG_WARN_OBJC_ROOT_CLASS = YES_ERROR;
				CLANG_WARN_QUOTED_INCLUDE_IN_FRAMEWORK_HEADER = YES;
				CLANG_WARN_RANGE_LOOP_ANALYSIS = YES;
				CLANG_WARN_STRICT_PROTOTYPES = YES;
				CLANG_WARN_SUSPICIOUS_MOVE = YES;
				CLANG_WARN_UNGUARDED_AVAILABILITY = YES_AGGRESSIVE;
				CLANG_WARN_UNREACHABLE_CODE = YES;
				CLANG_WARN__DUPLICATE_METHOD_MATCH = YES;
				COPY_PHASE_STRIP = NO;
				DEBUG_INFORMATION_FORMAT = dwarf;
				ENABLE_STRICT_OBJC_MSGSEND = YES;
				ENABLE_TESTABILITY = YES;
				ENABLE_USER_SCRIPT_SANDBOXING = YES;
				GCC_C_LANGUAGE_STANDARD = gnu17;
				GCC_DYNAMIC_NO_PIC = NO;
				GCC_NO_COMMON_BLOCKS = YES;
				GCC_OPTIMIZATION_LEVEL = 0;
				GCC_PREPROCESSOR_DEFINITIONS = (
					"DEBUG=1",
					"$(inherited)",
				);
				GCC_WARN_64_TO_32_BIT_CONVERSION = YES;
				GCC_WARN_ABOUT_RETURN_TYPE = YES_ERROR;
				GCC_WARN_UNDECLARED_SELECTOR = YES;
				GCC_WARN_UNINITIALIZED_AUTOS = YES_AGGRESSIVE;
				GCC_WARN_UNUSED_FUNCTION = YES;
				GCC_WARN_UNUSED_VARIABLE = YES;
				IPHONEOS_DEPLOYMENT_TARGET = 17.0;
				LOCALIZATION_PREFERS_STRING_CATALOGS = YES;
				MTL_ENABLE_DEBUG_INFO = INCLUDE_SOURCE;
				MTL_FAST_MATH = YES;
				ONLY_ACTIVE_ARCH = YES;
				SDKROOT = iphoneos;
				SWIFT_ACTIVE_COMPILATION_CONDITIONS = "DEBUG $(inherited)";
				SWIFT_OPTIMIZATION_LEVEL = "-Onone";
			};
			name = Debug;
		};
		98577DD72B5E2129001C4530 /* Release */ = {
			isa = XCBuildConfiguration;
			buildSettings = {
				ALWAYS_SEARCH_USER_PATHS = NO;
				ASSETCATALOG_COMPILER_GENERATE_SWIFT_ASSET_SYMBOL_EXTENSIONS = YES;
				CLANG_ANALYZER_NONNULL = YES;
				CLANG_ANALYZER_NUMBER_OBJECT_CONVERSION = YES_AGGRESSIVE;
				CLANG_CXX_LANGUAGE_STANDARD = "gnu++20";
				CLANG_ENABLE_MODULES = YES;
				CLANG_ENABLE_OBJC_ARC = YES;
				CLANG_ENABLE_OBJC_WEAK = YES;
				CLANG_WARN_BLOCK_CAPTURE_AUTORELEASING = YES;
				CLANG_WARN_BOOL_CONVERSION = YES;
				CLANG_WARN_COMMA = YES;
				CLANG_WARN_CONSTANT_CONVERSION = YES;
				CLANG_WARN_DEPRECATED_OBJC_IMPLEMENTATIONS = YES;
				CLANG_WARN_DIRECT_OBJC_ISA_USAGE = YES_ERROR;
				CLANG_WARN_DOCUMENTATION_COMMENTS = YES;
				CLANG_WARN_EMPTY_BODY = YES;
				CLANG_WARN_ENUM_CONVERSION = YES;
				CLANG_WARN_INFINITE_RECURSION = YES;
				CLANG_WARN_INT_CONVERSION = YES;
				CLANG_WARN_NON_LITERAL_NULL_CONVERSION = YES;
				CLANG_WARN_OBJC_IMPLICIT_RETAIN_SELF = YES;
				CLANG_WARN_OBJC_LITERAL_CONVERSION = YES;
				CLANG_WARN_OBJC_ROOT_CLASS = YES_ERROR;
				CLANG_WARN_QUOTED_INCLUDE_IN_FRAMEWORK_HEADER = YES;
				CLANG_WARN_RANGE_LOOP_ANALYSIS = YES;
				CLANG_WARN_STRICT_PROTOTYPES = YES;
				CLANG_WARN_SUSPICIOUS_MOVE = YES;
				CLANG_WARN_UNGUARDED_AVAILABILITY = YES_AGGRESSIVE;
				CLANG_WARN_UNREACHABLE_CODE = YES;
				CLANG_WARN__DUPLICATE_METHOD_MATCH = YES;
				COPY_PHASE_STRIP = NO;
				DEBUG_INFORMATION_FORMAT = "dwarf-with-dsym";
				ENABLE_NS_ASSERTIONS = NO;
				ENABLE_STRICT_OBJC_MSGSEND = YES;
				ENABLE_USER_SCRIPT_SANDBOXING = YES;
				GCC_C_LANGUAGE_STANDARD = gnu17;
				GCC_NO_COMMON_BLOCKS = YES;
				GCC_WARN_64_TO_32_BIT_CONVERSION = YES;
				GCC_WARN_ABOUT_RETURN_TYPE = YES_ERROR;
				GCC_WARN_UNDECLARED_SELECTOR = YES;
				GCC_WARN_UNINITIALIZED_AUTOS = YES_AGGRESSIVE;
				GCC_WARN_UNUSED_FUNCTION = YES;
				GCC_WARN_UNUSED_VARIABLE = YES;
				IPHONEOS_DEPLOYMENT_TARGET = 17.0;
				LOCALIZATION_PREFERS_STRING_CATALOGS = YES;
				MTL_ENABLE_DEBUG_INFO = NO;
				MTL_FAST_MATH = YES;
				SDKROOT = iphoneos;
				SWIFT_COMPILATION_MODE = wholemodule;
				VALIDATE_PRODUCT = YES;
			};
			name = Release;
		};
		98577DD92B5E2129001C4530 /* Debug */ = {
			isa = XCBuildConfiguration;
			buildSettings = {
				ASSETCATALOG_COMPILER_APPICON_NAME = AppIcon;
				ASSETCATALOG_COMPILER_GLOBAL_ACCENT_COLOR_NAME = AccentColor;
				"CODE_SIGN_IDENTITY[sdk=iphoneos*]" = "iPhone Developer";
				CODE_SIGN_STYLE = Manual;
				CURRENT_PROJECT_VERSION = 1;
				DEVELOPMENT_TEAM = "";
				"DEVELOPMENT_TEAM[sdk=iphoneos*]" = 798W5GV3XS;
				FRAMEWORK_SEARCH_PATHS = (
					"$(inherited)",
					"$(PROJECT_DIR)/CFSDK_Demo",
				);
				GENERATE_INFOPLIST_FILE = YES;
				INFOPLIST_FILE = CFSDK_Demo/Info.plist;
				INFOPLIST_KEY_UIApplicationSupportsIndirectInputEvents = YES;
				INFOPLIST_KEY_UILaunchStoryboardName = LaunchScreen;
				INFOPLIST_KEY_UIMainStoryboardFile = Main;
				INFOPLIST_KEY_UISupportedInterfaceOrientations_iPad = "UIInterfaceOrientationPortrait UIInterfaceOrientationPortraitUpsideDown UIInterfaceOrientationLandscapeLeft UIInterfaceOrientationLandscapeRight";
				INFOPLIST_KEY_UISupportedInterfaceOrientations_iPhone = "UIInterfaceOrientationPortrait UIInterfaceOrientationLandscapeLeft UIInterfaceOrientationLandscapeRight";
				INFOPLIST_KEY_UIUserInterfaceStyle = Light;
				IPHONEOS_DEPLOYMENT_TARGET = 12.0;
				LD_RUNPATH_SEARCH_PATHS = (
					"$(inherited)",
					"@executable_path/Frameworks",
				);
				MARKETING_VERSION = 2.0;
				PRODUCT_BUNDLE_IDENTIFIER = "changefinancial.CFSDK-Demo";
				PRODUCT_NAME = "$(TARGET_NAME)";
				PROVISIONING_PROFILE_SPECIFIER = "";
				"PROVISIONING_PROFILE_SPECIFIER[sdk=iphoneos*]" = Wildcard_Dev;
				SWIFT_EMIT_LOC_STRINGS = YES;
				SWIFT_VERSION = 5.0;
				TARGETED_DEVICE_FAMILY = "1,2";
			};
			name = Debug;
		};
		98577DDA2B5E2129001C4530 /* Release */ = {
			isa = XCBuildConfiguration;
			buildSettings = {
				ASSETCATALOG_COMPILER_APPICON_NAME = AppIcon;
				ASSETCATALOG_COMPILER_GLOBAL_ACCENT_COLOR_NAME = AccentColor;
				"CODE_SIGN_IDENTITY[sdk=iphoneos*]" = "iPhone Developer";
				CODE_SIGN_STYLE = Manual;
				CURRENT_PROJECT_VERSION = 1;
				DEVELOPMENT_TEAM = "";
				"DEVELOPMENT_TEAM[sdk=iphoneos*]" = 798W5GV3XS;
				FRAMEWORK_SEARCH_PATHS = (
					"$(inherited)",
					"$(PROJECT_DIR)/CFSDK_Demo",
				);
				GENERATE_INFOPLIST_FILE = YES;
				INFOPLIST_FILE = CFSDK_Demo/Info.plist;
				INFOPLIST_KEY_UIApplicationSupportsIndirectInputEvents = YES;
				INFOPLIST_KEY_UILaunchStoryboardName = LaunchScreen;
				INFOPLIST_KEY_UIMainStoryboardFile = Main;
				INFOPLIST_KEY_UISupportedInterfaceOrientations_iPad = "UIInterfaceOrientationPortrait UIInterfaceOrientationPortraitUpsideDown UIInterfaceOrientationLandscapeLeft UIInterfaceOrientationLandscapeRight";
				INFOPLIST_KEY_UISupportedInterfaceOrientations_iPhone = "UIInterfaceOrientationPortrait UIInterfaceOrientationLandscapeLeft UIInterfaceOrientationLandscapeRight";
				INFOPLIST_KEY_UIUserInterfaceStyle = Light;
				IPHONEOS_DEPLOYMENT_TARGET = 12.0;
				LD_RUNPATH_SEARCH_PATHS = (
					"$(inherited)",
					"@executable_path/Frameworks",
				);
				MARKETING_VERSION = 2.0;
				PRODUCT_BUNDLE_IDENTIFIER = "changefinancial.CFSDK-Demo";
				PRODUCT_NAME = "$(TARGET_NAME)";
				PROVISIONING_PROFILE_SPECIFIER = "";
				"PROVISIONING_PROFILE_SPECIFIER[sdk=iphoneos*]" = Wildcard_Dev;
				SWIFT_EMIT_LOC_STRINGS = YES;
				SWIFT_VERSION = 5.0;
				TARGETED_DEVICE_FAMILY = "1,2";
			};
			name = Release;
		};
/* End XCBuildConfiguration section */

/* Begin XCConfigurationList section */
		98577DBF2B5E2128001C4530 /* Build configuration list for PBXProject "CFSDK_Demo" */ = {
			isa = XCConfigurationList;
			buildConfigurations = (
				98577DD62B5E2129001C4530 /* Debug */,
				98577DD72B5E2129001C4530 /* Release */,
			);
			defaultConfigurationIsVisible = 0;
			defaultConfigurationName = Release;
		};
		98577DD82B5E2129001C4530 /* Build configuration list for PBXNativeTarget "CFSDK_Demo" */ = {
			isa = XCConfigurationList;
			buildConfigurations = (
				98577DD92B5E2129001C4530 /* Debug */,
				98577DDA2B5E2129001C4530 /* Release */,
			);
			defaultConfigurationIsVisible = 0;
			defaultConfigurationName = Release;
		};
/* End XCConfigurationList section */

/* Begin XCRemoteSwiftPackageReference section */
		98D39B582B6BC8BE009500D4 /* XCRemoteSwiftPackageReference "Alamofire" */ = {
			isa = XCRemoteSwiftPackageReference;
			repositoryURL = "https://github.com/Alamofire/Alamofire.git";
			requirement = {
				kind = upToNextMajorVersion;
				minimumVersion = 5.8.1;
			};
		};
		98D39B5B2B6BC907009500D4 /* XCRemoteSwiftPackageReference "ReactiveSwift" */ = {
			isa = XCRemoteSwiftPackageReference;
			repositoryURL = "https://github.com/ReactiveCocoa/ReactiveSwift.git";
			requirement = {
				kind = upToNextMajorVersion;
				minimumVersion = 7.1.1;
			};
		};
		98D39B5E2B6BC911009500D4 /* XCRemoteSwiftPackageReference "SwiftyJSON" */ = {
			isa = XCRemoteSwiftPackageReference;
			repositoryURL = "https://github.com/SwiftyJSON/SwiftyJSON.git";
			requirement = {
				kind = upToNextMajorVersion;
				minimumVersion = 5.0.1;
			};
		};
/* End XCRemoteSwiftPackageReference section */

/* Begin XCSwiftPackageProductDependency section */
		98D39B592B6BC8BE009500D4 /* Alamofire */ = {
			isa = XCSwiftPackageProductDependency;
			package = 98D39B582B6BC8BE009500D4 /* XCRemoteSwiftPackageReference "Alamofire" */;
			productName = Alamofire;
		};
		98D39B5C2B6BC907009500D4 /* ReactiveSwift */ = {
			isa = XCSwiftPackageProductDependency;
			package = 98D39B5B2B6BC907009500D4 /* XCRemoteSwiftPackageReference "ReactiveSwift" */;
			productName = ReactiveSwift;
		};
		98D39B5F2B6BC911009500D4 /* SwiftyJSON */ = {
			isa = XCSwiftPackageProductDependency;
			package = 98D39B5E2B6BC911009500D4 /* XCRemoteSwiftPackageReference "SwiftyJSON" */;
			productName = SwiftyJSON;
		};
/* End XCSwiftPackageProductDependency section */
	};
	rootObject = 98577DBC2B5E2128001C4530 /* Project object */;
}
